<?xml version="1.0" encoding="utf-8"?>
<Project ToolsVersion="4.0" xmlns="http://schemas.microsoft.com/developer/msbuild/2003">
  <ItemGroup>
    <ClCompile Include="GameTest.cpp" />
    <ClCompile Include="stdafx.cpp" />
    <ClCompile Include="App\app.cpp">
      <Filter>NextAPI</Filter>
    </ClCompile>
    <ClCompile Include="App\main.cpp">
      <Filter>NextAPI</Filter>
    </ClCompile>
    <ClCompile Include="App\SimpleController.cpp">
      <Filter>NextAPI</Filter>
    </ClCompile>
    <ClCompile Include="App\SimpleSound.cpp">
      <Filter>NextAPI</Filter>
    </ClCompile>
    <ClCompile Include="App\SimpleSprite.cpp">
      <Filter>NextAPI</Filter>
    </ClCompile>
    <ClCompile Include="stb_image\stb_image.cpp">
      <Filter>stb_image</Filter>
    </ClCompile>
    <ClCompile Include="MyGame\MyGame.cpp">
      <Filter>MyGame</Filter>
    </ClCompile>
    <ClCompile Include="MyGame\Utils\GameSprite.cpp">
      <Filter>MyGame\Utils</Filter>
    </ClCompile>
    <ClCompile Include="MyGame\Utils\GameViewport.cpp">
      <Filter>MyGame\Utils</Filter>
    </ClCompile>
    <ClCompile Include="MyGame\Utils\Utils.cpp">
      <Filter>MyGame\Utils</Filter>
    </ClCompile>
    <ClCompile Include="MyGame\Utils\Vectors.cpp">
      <Filter>MyGame\Utils</Filter>
    </ClCompile>
  </ItemGroup>
  <ItemGroup>
    <ClInclude Include="stdafx.h" />
    <ClInclude Include="App\app.h">
      <Filter>NextAPI</Filter>
    </ClInclude>
    <ClInclude Include="App\AppSettings.h">
      <Filter>NextAPI</Filter>
    </ClInclude>
    <ClInclude Include="App\main.h">
      <Filter>NextAPI</Filter>
    </ClInclude>
    <ClInclude Include="App\SimpleController.h">
      <Filter>NextAPI</Filter>
    </ClInclude>
    <ClInclude Include="App\SimpleSound.h">
      <Filter>NextAPI</Filter>
    </ClInclude>
    <ClInclude Include="App\SimpleSprite.h">
      <Filter>NextAPI</Filter>
    </ClInclude>
    <ClInclude Include="targetver.h">
      <Filter>NextAPI</Filter>
    </ClInclude>
    <ClInclude Include="stb_image\stb_image.h">
      <Filter>stb_image</Filter>
    </ClInclude>
    <ClInclude Include="MyGame\Utils\Utils.h">
      <Filter>MyGame\Utils</Filter>
    </ClInclude>
    <ClInclude Include="MyGame\Utils\Vectors.h">
      <Filter>MyGame\Utils</Filter>
    </ClInclude>
    <ClInclude Include="MyGame\MyGame.h">
      <Filter>MyGame</Filter>
    </ClInclude>
    <ClInclude Include="MyGame\Utils\GameSprite.h">
      <Filter>MyGame\Utils</Filter>
    </ClInclude>
    <ClInclude Include="MyGame\Utils\GameViewport.h">
      <Filter>MyGame\Utils</Filter>
    </ClInclude>
  </ItemGroup>
  <ItemGroup>
    <Filter Include="NextAPI">
      <UniqueIdentifier>{f318918d-bb9f-4402-ae1c-4f72186d16f6}</UniqueIdentifier>
    </Filter>
    <Filter Include="stb_image">
      <UniqueIdentifier>{61cfc19b-c57e-4021-b530-bac172fcba86}</UniqueIdentifier>
    </Filter>
    <Filter Include="MyGame">
      <UniqueIdentifier>{5f9bd854-16f3-42bf-9d46-e05d162b3bdf}</UniqueIdentifier>
    </Filter>
    <Filter Include="MyGame\Utils">
      <UniqueIdentifier>{eb718187-7fd8-4ea4-98fa-5eb573c832bb}</UniqueIdentifier>
    </Filter>
  </ItemGroup>
  <ItemGroup>
    <Text Include="ReadMe.txt">
      <Filter>NextAPI</Filter>
    </Text>
  </ItemGroup>
</Project>